
Microsoft Visual Studio Solution File, Format Version 12.00
# Visual Studio Version 16
VisualStudioVersion = 16.0.29609.76
MinimumVisualStudioVersion = 10.0.40219.1
Project("{9A19103F-16F7-4668-BE54-9A1E7A4F7556}") = "MyWebTest", "SystemOfTestKnowledge\MyWebTest.csproj", "{13CCBE53-40C8-4A28-8C0F-BAC55F90B7F9}"
EndProject
Global
	GlobalSection(SolutionConfigurationPlatforms) = preSolution
		Debug|Any CPU = Debug|Any CPU
		Release|Any CPU = Release|Any CPU
	EndGlobalSection
	GlobalSection(ProjectConfigurationPlatforms) = postSolution
		{13CCBE53-40C8-4A28-8C0F-BAC55F90B7F9}.Debug|Any CPU.ActiveCfg = Debug|Any CPU
		{13CCBE53-40C8-4A28-8C0F-BAC55F90B7F9}.Debug|Any CPU.Build.0 = Debug|Any CPU
		{13CCBE53-40C8-4A28-8C0F-BAC55F90B7F9}.Release|Any CPU.ActiveCfg = Release|Any CPU
		{13CCBE53-40C8-4A28-8C0F-BAC55F90B7F9}.Release|Any CPU.Build.0 = Release|Any CPU
	EndGlobalSection
	GlobalSection(SolutionProperties) = preSolution
		HideSolutionNode = FALSE
	EndGlobalSection
	GlobalSection(ExtensibilityGlobals) = postSolution
		SolutionGuid = {7B7EA902-608F-4BCB-AC1F-993157361C21}
	EndGlobalSection
EndGlobal
